Microsoft Visual Studio Solution File, Format Version 12.00
# Visual Studio Version 17
VisualStudioVersion = 17.0.31912.275
MinimumVisualStudioVersion = 10.0.40219.1
Project("{9A19103F-16F7-4668-BE54-9A1E7A4F7556}") = "StargateService", "StargateService\StargateService.csproj", "{F3C6CC8E-7CFB-4DD0-AE06-6E35E6B3BC4B}"
EndProject
Global
	GlobalSection(SolutionConfigurationPlatforms) = preSolution
		Debug|Any CPU = Debug|Any CPU
		Release|Any CPU = Release|Any CPU
	EndGlobalSection
	GlobalSection(ProjectConfigurationPlatforms) = postSolution
		{F3C6CC8E-7CFB-4DD0-AE06-6E35E6B3BC4B}.Debug|Any CPU.ActiveCfg = Debug|Any CPU
		{F3C6CC8E-7CFB-4DD0-AE06-6E35E6B3BC4B}.Debug|Any CPU.Build.0 = Debug|Any CPU
		{F3C6CC8E-7CFB-4DD0-AE06-6E35E6B3BC4B}.Release|Any CPU.ActiveCfg = Release|Any CPU
		{F3C6CC8E-7CFB-4DD0-AE06-6E35E6B3BC4B}.Release|Any CPU.Build.0 = Release|Any CPU
	EndGlobalSection
	GlobalSection(SolutionProperties) = preSolution
		HideSolutionNode = FALSE
	EndGlobalSection
	GlobalSection(ExtensibilityGlobals) = postSolution
		SolutionGuid = {1666A8A3-E2E3-4E5D-8C86-9A0395916DFF}
	EndGlobalSection
EndGlobal
